// !$*UTF8*$!
{
	archiveVersion = 1;
	classes = {
	};
	objectVersion = 46;
	objects = {

/* Begin PBXBuildFile section */
		6EC1C4381C483D34003D6064 /* WDGWVFramework.framework in Frameworks */ = {isa = PBXBuildFile; fileRef = 6EC1C42F1C483D26003D6064 /* WDGWVFramework.framework */; };
		6EC773461C48426800850581 /* AppKit.framework in Frameworks */ = {isa = PBXBuildFile; fileRef = 6EC773451C48426800850581 /* AppKit.framework */; };
		6EE33E511C483CED00148D9B /* AppDelegate.swift in Sources */ = {isa = PBXBuildFile; fileRef = 6EE33E501C483CED00148D9B /* AppDelegate.swift */; };
		6EE33E531C483CED00148D9B /* ViewController.swift in Sources */ = {isa = PBXBuildFile; fileRef = 6EE33E521C483CED00148D9B /* ViewController.swift */; };
		6EE33E551C483CED00148D9B /* Assets.xcassets in Resources */ = {isa = PBXBuildFile; fileRef = 6EE33E541C483CED00148D9B /* Assets.xcassets */; };
		6EE33E581C483CED00148D9B /* Main.storyboard in Resources */ = {isa = PBXBuildFile; fileRef = 6EE33E561C483CED00148D9B /* Main.storyboard */; };
		6EE33E631C483CED00148D9B /* TestApp__OS_X_Tests.swift in Sources */ = {isa = PBXBuildFile; fileRef = 6EE33E621C483CED00148D9B /* TestApp__OS_X_Tests.swift */; };
		6EE33E6E1C483CED00148D9B /* TestApp__OS_X_UITests.swift in Sources */ = {isa = PBXBuildFile; fileRef = 6EE33E6D1C483CED00148D9B /* TestApp__OS_X_UITests.swift */; };
/* End PBXBuildFile section */

/* Begin PBXContainerItemProxy section */
		6EC1C42A1C483D26003D6064 /* PBXContainerItemProxy */ = {
			isa = PBXContainerItemProxy;
			containerPortal = 6EC1C41F1C483D26003D6064 /* WDGWVFramework.xcodeproj */;
			proxyType = 2;
			remoteGlobalIDString = 6E02A0421C358CC200D2DD58;
			remoteInfo = "WDGWVFramework-iOS";
		};
		6EC1C42C1C483D26003D6064 /* PBXContainerItemProxy */ = {
			isa = PBXContainerItemProxy;
			containerPortal = 6EC1C41F1C483D26003D6064 /* WDGWVFramework.xcodeproj */;
			proxyType = 2;
			remoteGlobalIDString = 6E02A04C1C358CC200D2DD58;
			remoteInfo = "WDGWVFrameworkTests-iOS";
		};
		6EC1C42E1C483D26003D6064 /* PBXContainerItemProxy */ = {
			isa = PBXContainerItemProxy;
			containerPortal = 6EC1C41F1C483D26003D6064 /* WDGWVFramework.xcodeproj */;
			proxyType = 2;
			remoteGlobalIDString = 6E02A07D1C358D4400D2DD58;
			remoteInfo = "WDGWVFramework-OSX";
		};
		6EC1C4301C483D26003D6064 /* PBXContainerItemProxy */ = {
			isa = PBXContainerItemProxy;
			containerPortal = 6EC1C41F1C483D26003D6064 /* WDGWVFramework.xcodeproj */;
			proxyType = 2;
			remoteGlobalIDString = 6E02A0861C358D4400D2DD58;
			remoteInfo = "WDGWVFrameworkTests-OSX";
		};
		6EC1C4321C483D26003D6064 /* PBXContainerItemProxy */ = {
			isa = PBXContainerItemProxy;
			containerPortal = 6EC1C41F1C483D26003D6064 /* WDGWVFramework.xcodeproj */;
			proxyType = 2;
			remoteGlobalIDString = 6E9856971C35ACE200F0E6C8;
			remoteInfo = "WDGWVFramework-tvOS";
		};
		6EC1C4341C483D26003D6064 /* PBXContainerItemProxy */ = {
			isa = PBXContainerItemProxy;
			containerPortal = 6EC1C41F1C483D26003D6064 /* WDGWVFramework.xcodeproj */;
			proxyType = 2;
			remoteGlobalIDString = 6E9856A01C35ACE300F0E6C8;
			remoteInfo = "WDGWVFrameworkTests-tvOS";
		};
		6EC1C4361C483D26003D6064 /* PBXContainerItemProxy */ = {
			isa = PBXContainerItemProxy;
			containerPortal = 6EC1C41F1C483D26003D6064 /* WDGWVFramework.xcodeproj */;
			proxyType = 2;
			remoteGlobalIDString = 6E9856B31C35AD4100F0E6C8;
			remoteInfo = "WDGWVFramework-WatchOS";
		};
		6EE33E5F1C483CED00148D9B /* PBXContainerItemProxy */ = {
			isa = PBXContainerItemProxy;
			containerPortal = 6EE33E451C483CED00148D9B /* Project object */;
			proxyType = 1;
			remoteGlobalIDString = 6EE33E4C1C483CED00148D9B;
			remoteInfo = "TestApp (OS X)";
		};
		6EE33E6A1C483CED00148D9B /* PBXContainerItemProxy */ = {
			isa = PBXContainerItemProxy;
			containerPortal = 6EE33E451C483CED00148D9B /* Project object */;
			proxyType = 1;
			remoteGlobalIDString = 6EE33E4C1C483CED00148D9B;
			remoteInfo = "TestApp (OS X)";
		};
/* End PBXContainerItemProxy section */

/* Begin PBXFileReference section */
		6EC1C41F1C483D26003D6064 /* WDGWVFramework.xcodeproj */ = {isa = PBXFileReference; lastKnownFileType = "wrapper.pb-project"; name = WDGWVFramework.xcodeproj; path = ../../WDGWVFramework/WDGWVFramework.xcodeproj; sourceTree = "<group>"; };
		6EC773451C48426800850581 /* AppKit.framework */ = {isa = PBXFileReference; lastKnownFileType = wrapper.framework; name = AppKit.framework; path = System/Library/Frameworks/AppKit.framework; sourceTree = SDKROOT; };
		6EE33E4D1C483CED00148D9B /* TestApp (OS X).app */ = {isa = PBXFileReference; explicitFileType = wrapper.application; includeInIndex = 0; path = "TestApp (OS X).app"; sourceTree = BUILT_PRODUCTS_DIR; };
		6EE33E501C483CED00148D9B /* AppDelegate.swift */ = {isa = PBXFileReference; lastKnownFileType = sourcecode.swift; path = AppDelegate.swift; sourceTree = "<group>"; };
		6EE33E521C483CED00148D9B /* ViewController.swift */ = {isa = PBXFileReference; lastKnownFileType = sourcecode.swift; path = ViewController.swift; sourceTree = "<group>"; };
		6EE33E541C483CED00148D9B /* Assets.xcassets */ = {isa = PBXFileReference; lastKnownFileType = folder.assetcatalog; path = Assets.xcassets; sourceTree = "<group>"; };
		6EE33E571C483CED00148D9B /* Base */ = {isa = PBXFileReference; lastKnownFileType = file.storyboard; name = Base; path = Base.lproj/Main.storyboard; sourceTree = "<group>"; };
		6EE33E591C483CED00148D9B /* Info.plist */ = {isa = PBXFileReference; lastKnownFileType = text.plist.xml; path = Info.plist; sourceTree = "<group>"; };
		6EE33E5E1C483CED00148D9B /* TestApp (OS X)Tests.xctest */ = {isa = PBXFileReference; explicitFileType = wrapper.cfbundle; includeInIndex = 0; path = "TestApp (OS X)Tests.xctest"; sourceTree = BUILT_PRODUCTS_DIR; };
		6EE33E621C483CED00148D9B /* TestApp__OS_X_Tests.swift */ = {isa = PBXFileReference; lastKnownFileType = sourcecode.swift; path = TestApp__OS_X_Tests.swift; sourceTree = "<group>"; };
		6EE33E641C483CED00148D9B /* Info.plist */ = {isa = PBXFileReference; lastKnownFileType = text.plist.xml; path = Info.plist; sourceTree = "<group>"; };
		6EE33E691C483CED00148D9B /* TestApp (OS X)UITests.xctest */ = {isa = PBXFileReference; explicitFileType = wrapper.cfbundle; includeInIndex = 0; path = "TestApp (OS X)UITests.xctest"; sourceTree = BUILT_PRODUCTS_DIR; };
		6EE33E6D1C483CED00148D9B /* TestApp__OS_X_UITests.swift */ = {isa = PBXFileReference; lastKnownFileType = sourcecode.swift; path = TestApp__OS_X_UITests.swift; sourceTree = "<group>"; };
		6EE33E6F1C483CED00148D9B /* Info.plist */ = {isa = PBXFileReference; lastKnownFileType = text.plist.xml; path = Info.plist; sourceTree = "<group>"; };
/* End PBXFileReference section */

/* Begin PBXFrameworksBuildPhase section */
		6EE33E4A1C483CED00148D9B /* Frameworks */ = {
			isa = PBXFrameworksBuildPhase;
			buildActionMask = 2147483647;
			files = (
				6EC773461C48426800850581 /* AppKit.framework in Frameworks */,
				6EC1C4381C483D34003D6064 /* WDGWVFramework.framework in Frameworks */,
			);
			runOnlyForDeploymentPostprocessing = 0;
		};
		6EE33E5B1C483CED00148D9B /* Frameworks */ = {
			isa = PBXFrameworksBuildPhase;
			buildActionMask = 2147483647;
			files = (
			);
			runOnlyForDeploymentPostprocessing = 0;
		};
		6EE33E661C483CED00148D9B /* Frameworks */ = {
			isa = PBXFrameworksBuildPhase;
			buildActionMask = 2147483647;
			files = (
			);
			runOnlyForDeploymentPostprocessing = 0;
		};
/* End PBXFrameworksBuildPhase section */

/* Begin PBXGroup section */
		6EC1C4201C483D26003D6064 /* Products */ = {
			isa = PBXGroup;
			children = (
				6EC1C42B1C483D26003D6064 /* WDGWVFramework.framework */,
				6EC1C42D1C483D26003D6064 /* WDGWVFrameworkTests-iOS.xctest */,
				6EC1C42F1C483D26003D6064 /* WDGWVFramework.framework */,
				6EC1C4311C483D26003D6064 /* WDGWVFrameworkTests-OSX.xctest */,
				6EC1C4331C483D26003D6064 /* WDGWVFramework.framework */,
				6EC1C4351C483D26003D6064 /* WDGWVFrameworkTests-tvOS.xctest */,
				6EC1C4371C483D26003D6064 /* WDGWVFramework.framework */,
			);
			name = Products;
			sourceTree = "<group>";
		};
		6EE33E441C483CED00148D9B = {
			isa = PBXGroup;
			children = (
				6EC773451C48426800850581 /* AppKit.framework */,
				6EE33E4F1C483CED00148D9B /* TestApp (OS X) */,
				6EE33E611C483CED00148D9B /* TestApp (OS X)Tests */,
				6EE33E6C1C483CED00148D9B /* TestApp (OS X)UITests */,
				6EE33E4E1C483CED00148D9B /* Products */,
			);
			sourceTree = "<group>";
		};
		6EE33E4E1C483CED00148D9B /* Products */ = {
			isa = PBXGroup;
			children = (
				6EE33E4D1C483CED00148D9B /* TestApp (OS X).app */,
				6EE33E5E1C483CED00148D9B /* TestApp (OS X)Tests.xctest */,
				6EE33E691C483CED00148D9B /* TestApp (OS X)UITests.xctest */,
			);
			name = Products;
			sourceTree = "<group>";
		};
		6EE33E4F1C483CED00148D9B /* TestApp (OS X) */ = {
			isa = PBXGroup;
			children = (
				6EC1C41F1C483D26003D6064 /* WDGWVFramework.xcodeproj */,
				6EE33E501C483CED00148D9B /* AppDelegate.swift */,
				6EE33E521C483CED00148D9B /* ViewController.swift */,
				6EE33E541C483CED00148D9B /* Assets.xcassets */,
				6EE33E561C483CED00148D9B /* Main.storyboard */,
				6EE33E591C483CED00148D9B /* Info.plist */,
			);
			path = "TestApp (OS X)";
			sourceTree = "<group>";
		};
		6EE33E611C483CED00148D9B /* TestApp (OS X)Tests */ = {
			isa = PBXGroup;
			children = (
				6EE33E621C483CED00148D9B /* TestApp__OS_X_Tests.swift */,
				6EE33E641C483CED00148D9B /* Info.plist */,
			);
			path = "TestApp (OS X)Tests";
			sourceTree = "<group>";
		};
		6EE33E6C1C483CED00148D9B /* TestApp (OS X)UITests */ = {
			isa = PBXGroup;
			children = (
				6EE33E6D1C483CED00148D9B /* TestApp__OS_X_UITests.swift */,
				6EE33E6F1C483CED00148D9B /* Info.plist */,
			);
			path = "TestApp (OS X)UITests";
			sourceTree = "<group>";
		};
/* End PBXGroup section */

/* Begin PBXNativeTarget section */
		6EE33E4C1C483CED00148D9B /* TestApp (OS X) */ = {
			isa = PBXNativeTarget;
			buildConfigurationList = 6EE33E721C483CED00148D9B /* Build configuration list for PBXNativeTarget "TestApp (OS X)" */;
			buildPhases = (
				6EE33E491C483CED00148D9B /* Sources */,
				6EE33E4A1C483CED00148D9B /* Frameworks */,
				6EE33E4B1C483CED00148D9B /* Resources */,
			);
			buildRules = (
			);
			dependencies = (
			);
			name = "TestApp (OS X)";
			productName = "TestApp (OS X)";
			productReference = 6EE33E4D1C483CED00148D9B /* TestApp (OS X).app */;
			productType = "com.apple.product-type.application";
		};
		6EE33E5D1C483CED00148D9B /* TestApp (OS X)Tests */ = {
			isa = PBXNativeTarget;
			buildConfigurationList = 6EE33E751C483CED00148D9B /* Build configuration list for PBXNativeTarget "TestApp (OS X)Tests" */;
			buildPhases = (
				6EE33E5A1C483CED00148D9B /* Sources */,
				6EE33E5B1C483CED00148D9B /* Frameworks */,
				6EE33E5C1C483CED00148D9B /* Resources */,
			);
			buildRules = (
			);
			dependencies = (
				6EE33E601C483CED00148D9B /* PBXTargetDependency */,
			);
			name = "TestApp (OS X)Tests";
			productName = "TestApp (OS X)Tests";
			productReference = 6EE33E5E1C483CED00148D9B /* TestApp (OS X)Tests.xctest */;
			productType = "com.apple.product-type.bundle.unit-test";
		};
		6EE33E681C483CED00148D9B /* TestApp (OS X)UITests */ = {
			isa = PBXNativeTarget;
			buildConfigurationList = 6EE33E781C483CED00148D9B /* Build configuration list for PBXNativeTarget "TestApp (OS X)UITests" */;
			buildPhases = (
				6EE33E651C483CED00148D9B /* Sources */,
				6EE33E661C483CED00148D9B /* Frameworks */,
				6EE33E671C483CED00148D9B /* Resources */,
			);
			buildRules = (
			);
			dependencies = (
				6EE33E6B1C483CED00148D9B /* PBXTargetDependency */,
			);
			name = "TestApp (OS X)UITests";
			productName = "TestApp (OS X)UITests";
			productReference = 6EE33E691C483CED00148D9B /* TestApp (OS X)UITests.xctest */;
			productType = "com.apple.product-type.bundle.ui-testing";
		};
/* End PBXNativeTarget section */

/* Begin PBXProject section */
		6EE33E451C483CED00148D9B /* Project object */ = {
			isa = PBXProject;
			attributes = {
				LastSwiftUpdateCheck = 0720;
				LastUpgradeCheck = 0720;
				ORGANIZATIONNAME = WDGWV;
				TargetAttributes = {
					6EE33E4C1C483CED00148D9B = {
						CreatedOnToolsVersion = 7.2;
					};
					6EE33E5D1C483CED00148D9B = {
						CreatedOnToolsVersion = 7.2;
						TestTargetID = 6EE33E4C1C483CED00148D9B;
					};
					6EE33E681C483CED00148D9B = {
						CreatedOnToolsVersion = 7.2;
						TestTargetID = 6EE33E4C1C483CED00148D9B;
					};
				};
			};
			buildConfigurationList = 6EE33E481C483CED00148D9B /* Build configuration list for PBXProject "TestApp (OS X)" */;
			compatibilityVersion = "Xcode 3.2";
			developmentRegion = English;
			hasScannedForEncodings = 0;
			knownRegions = (
				en,
				Base,
			);
			mainGroup = 6EE33E441C483CED00148D9B;
			productRefGroup = 6EE33E4E1C483CED00148D9B /* Products */;
			projectDirPath = "";
			projectReferences = (
				{
					ProductGroup = 6EC1C4201C483D26003D6064 /* Products */;
					ProjectRef = 6EC1C41F1C483D26003D6064 /* WDGWVFramework.xcodeproj */;
				},
			);
			projectRoot = "";
			targets = (
				6EE33E4C1C483CED00148D9B /* TestApp (OS X) */,
				6EE33E5D1C483CED00148D9B /* TestApp (OS X)Tests */,
				6EE33E681C483CED00148D9B /* TestApp (OS X)UITests */,
			);
		};
/* End PBXProject section */

/* Begin PBXReferenceProxy section */
		6EC1C42B1C483D26003D6064 /* WDGWVFramework.framework */ = {
			isa = PBXReferenceProxy;
			fileType = wrapper.framework;
			path = WDGWVFramework.framework;
			remoteRef = 6EC1C42A1C483D26003D6064 /* PBXContainerItemProxy */;
			sourceTree = BUILT_PRODUCTS_DIR;
		};
		6EC1C42D1C483D26003D6064 /* WDGWVFrameworkTests-iOS.xctest */ = {
			isa = PBXReferenceProxy;
			fileType = wrapper.cfbundle;
			path = "WDGWVFrameworkTests-iOS.xctest";
			remoteRef = 6EC1C42C1C483D26003D6064 /* PBXContainerItemProxy */;
			sourceTree = BUILT_PRODUCTS_DIR;
		};
		6EC1C42F1C483D26003D6064 /* WDGWVFramework.framework */ = {
			isa = PBXReferenceProxy;
			fileType = wrapper.framework;
			path = WDGWVFramework.framework;
			remoteRef = 6EC1C42E1C483D26003D6064 /* PBXContainerItemProxy */;
			sourceTree = BUILT_PRODUCTS_DIR;
		};
		6EC1C4311C483D26003D6064 /* WDGWVFrameworkTests-OSX.xctest */ = {
			isa = PBXReferenceProxy;
			fileType = wrapper.cfbundle;
			path = "WDGWVFrameworkTests-OSX.xctest";
			remoteRef = 6EC1C4301C483D26003D6064 /* PBXContainerItemProxy */;
			sourceTree = BUILT_PRODUCTS_DIR;
		};
		6EC1C4331C483D26003D6064 /* WDGWVFramework.framework */ = {
			isa = PBXReferenceProxy;
			fileType = wrapper.framework;
			path = WDGWVFramework.framework;
			remoteRef = 6EC1C4321C483D26003D6064 /* PBXContainerItemProxy */;
			sourceTree = BUILT_PRODUCTS_DIR;
		};
		6EC1C4351C483D26003D6064 /* WDGWVFrameworkTests-tvOS.xctest */ = {
			isa = PBXReferenceProxy;
			fileType = wrapper.cfbundle;
			path = "WDGWVFrameworkTests-tvOS.xctest";
			remoteRef = 6EC1C4341C483D26003D6064 /* PBXContainerItemProxy */;
			sourceTree = BUILT_PRODUCTS_DIR;
		};
		6EC1C4371C483D26003D6064 /* WDGWVFramework.framework */ = {
			isa = PBXReferenceProxy;
			fileType = wrapper.framework;
			path = WDGWVFramework.framework;
			remoteRef = 6EC1C4361C483D26003D6064 /* PBXContainerItemProxy */;
			sourceTree = BUILT_PRODUCTS_DIR;
		};
/* End PBXReferenceProxy section */

/* Begin PBXResourcesBuildPhase section */
		6EE33E4B1C483CED00148D9B /* Resources */ = {
			isa = PBXResourcesBuildPhase;
			buildActionMask = 2147483647;
			files = (
				6EE33E551C483CED00148D9B /* Assets.xcassets in Resources */,
				6EE33E581C483CED00148D9B /* Main.storyboard in Resources */,
			);
			runOnlyForDeploymentPostprocessing = 0;
		};
		6EE33E5C1C483CED00148D9B /* Resources */ = {
			isa = PBXResourcesBuildPhase;
			buildActionMask = 2147483647;
			files = (
			);
			runOnlyForDeploymentPostprocessing = 0;
		};
		6EE33E671C483CED00148D9B /* Resources */ = {
			isa = PBXResourcesBuildPhase;
			buildActionMask = 2147483647;
			files = (
			);
			runOnlyForDeploymentPostprocessing = 0;
		};
/* End PBXResourcesBuildPhase section */

/* Begin PBXSourcesBuildPhase section */
		6EE33E491C483CED00148D9B /* Sources */ = {
			isa = PBXSourcesBuildPhase;
			buildActionMask = 2147483647;
			files = (
				6EE33E531C483CED00148D9B /* ViewController.swift in Sources */,
				6EE33E511C483CED00148D9B /* AppDelegate.swift in Sources */,
			);
			runOnlyForDeploymentPostprocessing = 0;
		};
		6EE33E5A1C483CED00148D9B /* Sources */ = {
			isa = PBXSourcesBuildPhase;
			buildActionMask = 2147483647;
			files = (
				6EE33E631C483CED00148D9B /* TestApp__OS_X_Tests.swift in Sources */,
			);
			runOnlyForDeploymentPostprocessing = 0;
		};
		6EE33E651C483CED00148D9B /* Sources */ = {
			isa = PBXSourcesBuildPhase;
			buildActionMask = 2147483647;
			files = (
				6EE33E6E1C483CED00148D9B /* TestApp__OS_X_UITests.swift in Sources */,
			);
			runOnlyForDeploymentPostprocessing = 0;
		};
/* End PBXSourcesBuildPhase section */

/* Begin PBXTargetDependency section */
		6EE33E601C483CED00148D9B /* PBXTargetDependency */ = {
			isa = PBXTargetDependency;
			target = 6EE33E4C1C483CED00148D9B /* TestApp (OS X) */;
			targetProxy = 6EE33E5F1C483CED00148D9B /* PBXContainerItemProxy */;
		};
		6EE33E6B1C483CED00148D9B /* PBXTargetDependency */ = {
			isa = PBXTargetDependency;
			target = 6EE33E4C1C483CED00148D9B /* TestApp (OS X) */;
			targetProxy = 6EE33E6A1C483CED00148D9B /* PBXContainerItemProxy */;
		};
/* End PBXTargetDependency section */

/* Begin PBXVariantGroup section */
		6EE33E561C483CED00148D9B /* Main.storyboard */ = {
			isa = PBXVariantGroup;
			children = (
				6EE33E571C483CED00148D9B /* Base */,
			);
			name = Main.storyboard;
			sourceTree = "<group>";
		};
/* End PBXVariantGroup section */

/* Begin XCBuildConfiguration section */
		6EE33E701C483CED00148D9B /* Debug */ = {
			isa = XCBuildConfiguration;
			buildSettings = {
				ALWAYS_SEARCH_USER_PATHS = NO;
				CLANG_CXX_LANGUAGE_STANDARD = "gnu++0x";
				CLANG_CXX_LIBRARY = "libc++";
				CLANG_ENABLE_MODULES = YES;
				CLANG_ENABLE_OBJC_ARC = YES;
				CLANG_WARN_BOOL_CONVERSION = YES;
				CLANG_WARN_CONSTANT_CONVERSION = YES;
				CLANG_WARN_DIRECT_OBJC_ISA_USAGE = YES_ERROR;
				CLANG_WARN_EMPTY_BODY = YES;
				CLANG_WARN_ENUM_CONVERSION = YES;
				CLANG_WARN_INT_CONVERSION = YES;
				CLANG_WARN_OBJC_ROOT_CLASS = YES_ERROR;
				CLANG_WARN_UNREACHABLE_CODE = YES;
				CLANG_WARN__DUPLICATE_METHOD_MATCH = YES;
				CODE_SIGN_IDENTITY = "-";
				COPY_PHASE_STRIP = NO;
				DEBUG_INFORMATION_FORMAT = dwarf;
				ENABLE_STRICT_OBJC_MSGSEND = YES;
				ENABLE_TESTABILITY = YES;
				GCC_C_LANGUAGE_STANDARD = gnu99;
				GCC_DYNAMIC_NO_PIC = NO;
				GCC_NO_COMMON_BLOCKS = YES;
				GCC_OPTIMIZATION_LEVEL = 0;
				GCC_PREPROCESSOR_DEFINITIONS = (
					"DEBUG=1",
					"$(inherited)",
				);
				GCC_WARN_64_TO_32_BIT_CONVERSION = YES;
				GCC_WARN_ABOUT_RETURN_TYPE = YES_ERROR;
				GCC_WARN_UNDECLARED_SELECTOR = YES;
				GCC_WARN_UNINITIALIZED_AUTOS = YES_AGGRESSIVE;
				GCC_WARN_UNUSED_FUNCTION = YES;
				GCC_WARN_UNUSED_VARIABLE = YES;
				MACOSX_DEPLOYMENT_TARGET = 10.11;
				MTL_ENABLE_DEBUG_INFO = YES;
				ONLY_ACTIVE_ARCH = YES;
				SDKROOT = macosx;
				SWIFT_OPTIMIZATION_LEVEL = "-Onone";
			};
			name = Debug;
		};
		6EE33E711C483CED00148D9B /* Release */ = {
			isa = XCBuildConfiguration;
			buildSettings = {
				ALWAYS_SEARCH_USER_PATHS = NO;
				CLANG_CXX_LANGUAGE_STANDARD = "gnu++0x";
				CLANG_CXX_LIBRARY = "libc++";
				CLANG_ENABLE_MODULES = YES;
				CLANG_ENABLE_OBJC_ARC = YES;
				CLANG_WARN_BOOL_CONVERSION = YES;
				CLANG_WARN_CONSTANT_CONVERSION = YES;
				CLANG_WARN_DIRECT_OBJC_ISA_USAGE = YES_ERROR;
				CLANG_WARN_EMPTY_BODY = YES;
				CLANG_WARN_ENUM_CONVERSION = YES;
				CLANG_WARN_INT_CONVERSION = YES;
				CLANG_WARN_OBJC_ROOT_CLASS = YES_ERROR;
				CLANG_WARN_UNREACHABLE_CODE = YES;
				CLANG_WARN__DUPLICATE_METHOD_MATCH = YES;
				CODE_SIGN_IDENTITY = "-";
				COPY_PHASE_STRIP = NO;
				DEBUG_INFORMATION_FORMAT = "dwarf-with-dsym";
				ENABLE_NS_ASSERTIONS = NO;
				ENABLE_STRICT_OBJC_MSGSEND = YES;
				GCC_C_LANGUAGE_STANDARD = gnu99;
				GCC_NO_COMMON_BLOCKS = YES;
				GCC_WARN_64_TO_32_BIT_CONVERSION = YES;
				GCC_WARN_ABOUT_RETURN_TYPE = YES_ERROR;
				GCC_WARN_UNDECLARED_SELECTOR = YES;
				GCC_WARN_UNINITIALIZED_AUTOS = YES_AGGRESSIVE;
				GCC_WARN_UNUSED_FUNCTION = YES;
				GCC_WARN_UNUSED_VARIABLE = YES;
				MACOSX_DEPLOYMENT_TARGET = 10.11;
				MTL_ENABLE_DEBUG_INFO = NO;
				SDKROOT = macosx;
			};
			name = Release;
		};
		6EE33E731C483CED00148D9B /* Debug */ = {
			isa = XCBuildConfiguration;
			buildSettings = {
				ASSETCATALOG_COMPILER_APPICON_NAME = AppIcon;
				COMBINE_HIDPI_IMAGES = YES;
				INFOPLIST_FILE = "TestApp (OS X)/Info.plist";
				LD_RUNPATH_SEARCH_PATHS = "$(inherited) @executable_path/../Frameworks";
				PRODUCT_BUNDLE_IDENTIFIER = "com.wdgwv.TestApp--OS-X-";
				PRODUCT_NAME = "$(TARGET_NAME)";
			};
			name = Debug;
		};
		6EE33E741C483CED00148D9B /* Release */ = {
			isa = XCBuildConfiguration;
			buildSettings = {
				ASSETCATALOG_COMPILER_APPICON_NAME = AppIcon;
				COMBINE_HIDPI_IMAGES = YES;
				INFOPLIST_FILE = "TestApp (OS X)/Info.plist";
				LD_RUNPATH_SEARCH_PATHS = "$(inherited) @executable_path/../Frameworks";
				PRODUCT_BUNDLE_IDENTIFIER = "com.wdgwv.TestApp--OS-X-";
				PRODUCT_NAME = "$(TARGET_NAME)";
			};
			name = Release;
		};
		6EE33E761C483CED00148D9B /* Debug */ = {
			isa = XCBuildConfiguration;
			buildSettings = {
				BUNDLE_LOADER = "$(TEST_HOST)";
				COMBINE_HIDPI_IMAGES = YES;
				INFOPLIST_FILE = "TestApp (OS X)Tests/Info.plist";
				LD_RUNPATH_SEARCH_PATHS = "$(inherited) @executable_path/../Frameworks @loader_path/../Frameworks";
				PRODUCT_BUNDLE_IDENTIFIER = "com.wdgwv.TestApp--OS-X-Tests";
				PRODUCT_NAME = "$(TARGET_NAME)";
				TEST_HOST = "$(BUILT_PRODUCTS_DIR)/TestApp (OS X).app/Contents/MacOS/TestApp (OS X)";
			};
			name = Debug;
		};
		6EE33E771C483CED00148D9B /* Release */ = {
			isa = XCBuildConfiguration;
			buildSettings = {
				BUNDLE_LOADER = "$(TEST_HOST)";
				COMBINE_HIDPI_IMAGES = YES;
				INFOPLIST_FILE = "TestApp (OS X)Tests/Info.plist";
				LD_RUNPATH_SEARCH_PATHS = "$(inherited) @executable_path/../Frameworks @loader_path/../Frameworks";
				PRODUCT_BUNDLE_IDENTIFIER = "com.wdgwv.TestApp--OS-X-Tests";
				PRODUCT_NAME = "$(TARGET_NAME)";
				TEST_HOST = "$(BUILT_PRODUCTS_DIR)/TestApp (OS X).app/Contents/MacOS/TestApp (OS X)";
			};
			name = Release;
		};
		6EE33E791C483CED00148D9B /* Debug */ = {
			isa = XCBuildConfiguration;
			buildSettings = {
				COMBINE_HIDPI_IMAGES = YES;
				INFOPLIST_FILE = "TestApp (OS X)UITests/Info.plist";
				LD_RUNPATH_SEARCH_PATHS = "$(inherited) @executable_path/../Frameworks @loader_path/../Frameworks";
				PRODUCT_BUNDLE_IDENTIFIER = "com.wdgwv.TestApp--OS-X-UITests";
				PRODUCT_NAME = "$(TARGET_NAME)";
				TEST_TARGET_NAME = "TestApp (OS X)";
				USES_XCTRUNNER = YES;
			};
			name = Debug;
		};
		6EE33E7A1C483CED00148D9B /* Release */ = {
			isa = XCBuildConfiguration;
			buildSettings = {
				COMBINE_HIDPI_IMAGES = YES;
				INFOPLIST_FILE = "TestApp (OS X)UITests/Info.plist";
				LD_RUNPATH_SEARCH_PATHS = "$(inherited) @executable_path/../Frameworks @loader_path/../Frameworks";
				PRODUCT_BUNDLE_IDENTIFIER = "com.wdgwv.TestApp--OS-X-UITests";
				PRODUCT_NAME = "$(TARGET_NAME)";
				TEST_TARGET_NAME = "TestApp (OS X)";
				USES_XCTRUNNER = YES;
			};
			name = Release;
		};
/* End XCBuildConfiguration section */

/* Begin XCConfigurationList section */
		6EE33E481C483CED00148D9B /* Build configuration list for PBXProject "TestApp (OS X)" */ = {
			isa = XCConfigurationList;
			buildConfigurations = (
				6EE33E701C483CED00148D9B /* Debug */,
				6EE33E711C483CED00148D9B /* Release */,
			);
			defaultConfigurationIsVisible = 0;
			defaultConfigurationName = Release;
		};
		6EE33E721C483CED00148D9B /* Build configuration list for PBXNativeTarget "TestApp (OS X)" */ = {
			isa = XCConfigurationList;
			buildConfigurations = (
				6EE33E731C483CED00148D9B /* Debug */,
				6EE33E741C483CED00148D9B /* Release */,
			);
			defaultConfigurationIsVisible = 0;
			defaultConfigurationName = Release;
		};
		6EE33E751C483CED00148D9B /* Build configuration list for PBXNativeTarget "TestApp (OS X)Tests" */ = {
			isa = XCConfigurationList;
			buildConfigurations = (
				6EE33E761C483CED00148D9B /* Debug */,
				6EE33E771C483CED00148D9B /* Release */,
			);
			defaultConfigurationIsVisible = 0;
			defaultConfigurationName = Release;
		};
		6EE33E781C483CED00148D9B /* Build configuration list for PBXNativeTarget "TestApp (OS X)UITests" */ = {
			isa = XCConfigurationList;
			buildConfigurations = (
				6EE33E791C483CED00148D9B /* Debug */,
				6EE33E7A1C483CED00148D9B /* Release */,
			);
			defaultConfigurationIsVisible = 0;
			defaultConfigurationName = Release;
		};
/* End XCConfigurationList section */
	};
	rootObject = 6EE33E451C483CED00148D9B /* Project object */;
}
